
Microsoft Visual Studio Solution File, Format Version 12.00
# Visual Studio Version 16
VisualStudioVersion = 16.0.33214.272
MinimumVisualStudioVersion = 10.0.40219.1
Project("{FAE04EC0-301F-11D3-BF4B-00C04F79EFBC}") = "prakt11_2_v12_Курдяков", "prakt11_2_v12_Курдяков.csproj", "{183457BB-B036-4C82-9F43-59F0E7428B29}"
EndProject
Global
	GlobalSection(SolutionConfigurationPlatforms) = preSolution
		Debug|Any CPU = Debug|Any CPU
		Release|Any CPU = Release|Any CPU
	EndGlobalSection
	GlobalSection(ProjectConfigurationPlatforms) = postSolution
		{183457BB-B036-4C82-9F43-59F0E7428B29}.Debug|Any CPU.ActiveCfg = Debug|Any CPU
		{183457BB-B036-4C82-9F43-59F0E7428B29}.Debug|Any CPU.Build.0 = Debug|Any CPU
		{183457BB-B036-4C82-9F43-59F0E7428B29}.Release|Any CPU.ActiveCfg = Release|Any CPU
		{183457BB-B036-4C82-9F43-59F0E7428B29}.Release|Any CPU.Build.0 = Release|Any CPU
	EndGlobalSection
	GlobalSection(SolutionProperties) = preSolution
		HideSolutionNode = FALSE
	EndGlobalSection
	GlobalSection(ExtensibilityGlobals) = postSolution
		SolutionGuid = {F411F64B-C851-430E-9AE5-669AD761EB6D}
	EndGlobalSection
EndGlobal
